
Microsoft Visual Studio Solution File, Format Version 12.00
# Visual Studio Version 17
VisualStudioVersion = 17.3.32825.248
MinimumVisualStudioVersion = 10.0.40219.1
Project("{FAE04EC0-301F-11D3-BF4B-00C04F79EFBC}") = "TestGradus", "TestGradus\TestGradus.csproj", "{392E2130-8A0B-4A68-B379-7CA4A0400F10}"
EndProject
Global
	GlobalSection(SolutionConfigurationPlatforms) = preSolution
		Debug|Any CPU = Debug|Any CPU
		Release|Any CPU = Release|Any CPU
	EndGlobalSection
	GlobalSection(ProjectConfigurationPlatforms) = postSolution
		{392E2130-8A0B-4A68-B379-7CA4A0400F10}.Debug|Any CPU.ActiveCfg = Debug|Any CPU
		{392E2130-8A0B-4A68-B379-7CA4A0400F10}.Debug|Any CPU.Build.0 = Debug|Any CPU
		{392E2130-8A0B-4A68-B379-7CA4A0400F10}.Release|Any CPU.ActiveCfg = Release|Any CPU
		{392E2130-8A0B-4A68-B379-7CA4A0400F10}.Release|Any CPU.Build.0 = Release|Any CPU
	EndGlobalSection
	GlobalSection(SolutionProperties) = preSolution
		HideSolutionNode = FALSE
	EndGlobalSection
	GlobalSection(ExtensibilityGlobals) = postSolution
		SolutionGuid = {00BC8C84-A188-40B7-B30A-4A2FFA91D077}
	EndGlobalSection
EndGlobal
